
Microsoft Visual Studio Solution File, Format Version 12.00
# Visual Studio Version 16
VisualStudioVersion = 16.0.30907.101
MinimumVisualStudioVersion = 10.0.40219.1
Project("{FAE04EC0-301F-11D3-BF4B-00C04F79EFBC}") = "TrabalhoLFA", "TrabalhoLFA.csproj", "{CE92771E-785A-4FC2-AD97-BD11EA189793}"
EndProject
Global
	GlobalSection(SolutionConfigurationPlatforms) = preSolution
		Debug|Any CPU = Debug|Any CPU
		Release|Any CPU = Release|Any CPU
	EndGlobalSection
	GlobalSection(ProjectConfigurationPlatforms) = postSolution
		{CE92771E-785A-4FC2-AD97-BD11EA189793}.Debug|Any CPU.ActiveCfg = Debug|Any CPU
		{CE92771E-785A-4FC2-AD97-BD11EA189793}.Debug|Any CPU.Build.0 = Debug|Any CPU
		{CE92771E-785A-4FC2-AD97-BD11EA189793}.Release|Any CPU.ActiveCfg = Release|Any CPU
		{CE92771E-785A-4FC2-AD97-BD11EA189793}.Release|Any CPU.Build.0 = Release|Any CPU
	EndGlobalSection
	GlobalSection(SolutionProperties) = preSolution
		HideSolutionNode = FALSE
	EndGlobalSection
	GlobalSection(ExtensibilityGlobals) = postSolution
		SolutionGuid = {56A1872B-F26A-4BD6-A297-266F7AA6B297}
	EndGlobalSection
EndGlobal
